
Microsoft Visual Studio Solution File, Format Version 12.00
# Visual Studio Version 16
VisualStudioVersion = 16.0.29728.190
MinimumVisualStudioVersion = 10.0.40219.1
Project("{9A19103F-16F7-4668-BE54-9A1E7A4F7556}") = "web.app-nksystemcore", "web.app-nksystemcore.csproj", "{FCB06428-C260-41C4-A832-BC09CD675AB1}"
EndProject
Global
	GlobalSection(SolutionConfigurationPlatforms) = preSolution
		Debug|Any CPU = Debug|Any CPU
		Release|Any CPU = Release|Any CPU
	EndGlobalSection
	GlobalSection(ProjectConfigurationPlatforms) = postSolution
		{FCB06428-C260-41C4-A832-BC09CD675AB1}.Debug|Any CPU.ActiveCfg = Debug|Any CPU
		{FCB06428-C260-41C4-A832-BC09CD675AB1}.Debug|Any CPU.Build.0 = Debug|Any CPU
		{FCB06428-C260-41C4-A832-BC09CD675AB1}.Release|Any CPU.ActiveCfg = Release|Any CPU
		{FCB06428-C260-41C4-A832-BC09CD675AB1}.Release|Any CPU.Build.0 = Release|Any CPU
	EndGlobalSection
	GlobalSection(SolutionProperties) = preSolution
		HideSolutionNode = FALSE
	EndGlobalSection
	GlobalSection(ExtensibilityGlobals) = postSolution
		SolutionGuid = {913F9AC0-2D6F-43B4-8834-7700E6F853BE}
	EndGlobalSection
EndGlobal
